
Microsoft Visual Studio Solution File, Format Version 12.00
# Visual Studio Version 16
VisualStudioVersion = 16.0.31515.178
MinimumVisualStudioVersion = 10.0.40219.1
Project("{8BC9CEB8-8B4A-11D0-8D11-00A0C91BC942}") = "指针", "指针\指针.vcxproj", "{35584D48-1380-4165-B14A-520C3F0A209E}"
EndProject
Global
	GlobalSection(SolutionConfigurationPlatforms) = preSolution
		Debug|x64 = Debug|x64
		Debug|x86 = Debug|x86
		Release|x64 = Release|x64
		Release|x86 = Release|x86
	EndGlobalSection
	GlobalSection(ProjectConfigurationPlatforms) = postSolution
		{35584D48-1380-4165-B14A-520C3F0A209E}.Debug|x64.ActiveCfg = Debug|x64
		{35584D48-1380-4165-B14A-520C3F0A209E}.Debug|x64.Build.0 = Debug|x64
		{35584D48-1380-4165-B14A-520C3F0A209E}.Debug|x86.ActiveCfg = Debug|Win32
		{35584D48-1380-4165-B14A-520C3F0A209E}.Debug|x86.Build.0 = Debug|Win32
		{35584D48-1380-4165-B14A-520C3F0A209E}.Release|x64.ActiveCfg = Release|x64
		{35584D48-1380-4165-B14A-520C3F0A209E}.Release|x64.Build.0 = Release|x64
		{35584D48-1380-4165-B14A-520C3F0A209E}.Release|x86.ActiveCfg = Release|Win32
		{35584D48-1380-4165-B14A-520C3F0A209E}.Release|x86.Build.0 = Release|Win32
	EndGlobalSection
	GlobalSection(SolutionProperties) = preSolution
		HideSolutionNode = FALSE
	EndGlobalSection
	GlobalSection(ExtensibilityGlobals) = postSolution
		SolutionGuid = {5C7BE0C3-F9C2-4EB2-98AD-185D8AADC99F}
	EndGlobalSection
EndGlobal
