
Microsoft Visual Studio Solution File, Format Version 12.00
# Visual Studio Version 16
VisualStudioVersion = 16.0.32126.315
MinimumVisualStudioVersion = 10.0.40219.1
Project("{8BC9CEB8-8B4A-11D0-8D11-00A0C91BC942}") = "String", "String\String.vcxproj", "{1AE919C0-BF9F-4287-8E44-F2F9B9267FC0}"
EndProject
Global
	GlobalSection(SolutionConfigurationPlatforms) = preSolution
		Debug|x64 = Debug|x64
		Debug|x86 = Debug|x86
		Release|x64 = Release|x64
		Release|x86 = Release|x86
	EndGlobalSection
	GlobalSection(ProjectConfigurationPlatforms) = postSolution
		{1AE919C0-BF9F-4287-8E44-F2F9B9267FC0}.Debug|x64.ActiveCfg = Debug|x64
		{1AE919C0-BF9F-4287-8E44-F2F9B9267FC0}.Debug|x64.Build.0 = Debug|x64
		{1AE919C0-BF9F-4287-8E44-F2F9B9267FC0}.Debug|x86.ActiveCfg = Debug|Win32
		{1AE919C0-BF9F-4287-8E44-F2F9B9267FC0}.Debug|x86.Build.0 = Debug|Win32
		{1AE919C0-BF9F-4287-8E44-F2F9B9267FC0}.Release|x64.ActiveCfg = Release|x64
		{1AE919C0-BF9F-4287-8E44-F2F9B9267FC0}.Release|x64.Build.0 = Release|x64
		{1AE919C0-BF9F-4287-8E44-F2F9B9267FC0}.Release|x86.ActiveCfg = Release|Win32
		{1AE919C0-BF9F-4287-8E44-F2F9B9267FC0}.Release|x86.Build.0 = Release|Win32
	EndGlobalSection
	GlobalSection(SolutionProperties) = preSolution
		HideSolutionNode = FALSE
	EndGlobalSection
	GlobalSection(ExtensibilityGlobals) = postSolution
		SolutionGuid = {24388CD7-91B7-42E2-8720-31A7686519C8}
	EndGlobalSection
EndGlobal
